Microsoft Visual Studio Solution File, Format Version 12.00
# Visual Studio Version 18
VisualStudioVersion = 18.3.11222.16 d18.3
MinimumVisualStudioVersion = 10.0.40219.1
Project("{FAE04EC0-301F-11D3-BF4B-00C04F79EFBC}") = "OMSIAerials", "OMSIAerials\OMSIAerials.csproj", "{4E6466AB-EBD7-4866-B625-3CFFD0864109}"
EndProject
Global
	GlobalSection(SolutionConfigurationPlatforms) = preSolution
		Debug|Any CPU = Debug|Any CPU
		Debug|x64 = Debug|x64
		Release|Any CPU = Release|Any CPU
		Release|x64 = Release|x64
	EndGlobalSection
	GlobalSection(ProjectConfigurationPlatforms) = postSolution
		{4E6466AB-EBD7-4866-B625-3CFFD0864109}.Debug|Any CPU.ActiveCfg = Debug|Any CPU
		{4E6466AB-EBD7-4866-B625-3CFFD0864109}.Debug|Any CPU.Build.0 = Debug|Any CPU
		{4E6466AB-EBD7-4866-B625-3CFFD0864109}.Debug|x64.ActiveCfg = Debug|x64
		{4E6466AB-EBD7-4866-B625-3CFFD0864109}.Debug|x64.Build.0 = Debug|x64
		{4E6466AB-EBD7-4866-B625-3CFFD0864109}.Release|Any CPU.ActiveCfg = Release|Any CPU
		{4E6466AB-EBD7-4866-B625-3CFFD0864109}.Release|Any CPU.Build.0 = Release|Any CPU
		{4E6466AB-EBD7-4866-B625-3CFFD0864109}.Release|x64.ActiveCfg = Release|x64
		{4E6466AB-EBD7-4866-B625-3CFFD0864109}.Release|x64.Build.0 = Release|x64
	EndGlobalSection
	GlobalSection(SolutionProperties) = preSolution
		HideSolutionNode = FALSE
	EndGlobalSection
	GlobalSection(ExtensibilityGlobals) = postSolution
		SolutionGuid = {5345FE64-A249-48F0-939F-0CC2892265F4}
	EndGlobalSection
EndGlobal
